
Microsoft Visual Studio Solution File, Format Version 12.00
# Visual Studio Version 17
VisualStudioVersion = 17.0.31912.275
MinimumVisualStudioVersion = 10.0.40219.1
Project("{FAE04EC0-301F-11D3-BF4B-00C04F79EFBC}") = "NotePad.Android", "NotePad\NotePad.Android\NotePad.Android.csproj", "{3A4C1F45-0409-4A8F-9745-35CA7F032FCB}"
EndProject
Project("{9A19103F-16F7-4668-BE54-9A1E7A4F7556}") = "NotePad", "NotePad\NotePad\NotePad.csproj", "{E267EDD4-BEA9-4F2F-A5EC-F1500B4DF9EC}"
EndProject
Global
	GlobalSection(SolutionConfigurationPlatforms) = preSolution
		Debug|Any CPU = Debug|Any CPU
		Debug|iPhone = Debug|iPhone
		Debug|iPhoneSimulator = Debug|iPhoneSimulator
		Release|Any CPU = Release|Any CPU
		Release|iPhone = Release|iPhone
		Release|iPhoneSimulator = Release|iPhoneSimulator
	EndGlobalSection
	GlobalSection(ProjectConfigurationPlatforms) = postSolution
		{3A4C1F45-0409-4A8F-9745-35CA7F032FCB}.Debug|Any CPU.ActiveCfg = Debug|Any CPU
		{3A4C1F45-0409-4A8F-9745-35CA7F032FCB}.Debug|Any CPU.Build.0 = Debug|Any CPU
		{3A4C1F45-0409-4A8F-9745-35CA7F032FCB}.Debug|Any CPU.Deploy.0 = Debug|Any CPU
		{3A4C1F45-0409-4A8F-9745-35CA7F032FCB}.Debug|iPhone.ActiveCfg = Debug|Any CPU
		{3A4C1F45-0409-4A8F-9745-35CA7F032FCB}.Debug|iPhone.Build.0 = Debug|Any CPU
		{3A4C1F45-0409-4A8F-9745-35CA7F032FCB}.Debug|iPhone.Deploy.0 = Debug|Any CPU
		{3A4C1F45-0409-4A8F-9745-35CA7F032FCB}.Debug|iPhoneSimulator.ActiveCfg = Debug|Any CPU
		{3A4C1F45-0409-4A8F-9745-35CA7F032FCB}.Debug|iPhoneSimulator.Build.0 = Debug|Any CPU
		{3A4C1F45-0409-4A8F-9745-35CA7F032FCB}.Debug|iPhoneSimulator.Deploy.0 = Debug|Any CPU
		{3A4C1F45-0409-4A8F-9745-35CA7F032FCB}.Release|Any CPU.ActiveCfg = Release|Any CPU
		{3A4C1F45-0409-4A8F-9745-35CA7F032FCB}.Release|Any CPU.Build.0 = Release|Any CPU
		{3A4C1F45-0409-4A8F-9745-35CA7F032FCB}.Release|Any CPU.Deploy.0 = Release|Any CPU
		{3A4C1F45-0409-4A8F-9745-35CA7F032FCB}.Release|iPhone.ActiveCfg = Release|Any CPU
		{3A4C1F45-0409-4A8F-9745-35CA7F032FCB}.Release|iPhone.Build.0 = Release|Any CPU
		{3A4C1F45-0409-4A8F-9745-35CA7F032FCB}.Release|iPhone.Deploy.0 = Release|Any CPU
		{3A4C1F45-0409-4A8F-9745-35CA7F032FCB}.Release|iPhoneSimulator.ActiveCfg = Release|Any CPU
		{3A4C1F45-0409-4A8F-9745-35CA7F032FCB}.Release|iPhoneSimulator.Build.0 = Release|Any CPU
		{3A4C1F45-0409-4A8F-9745-35CA7F032FCB}.Release|iPhoneSimulator.Deploy.0 = Release|Any CPU
		{E267EDD4-BEA9-4F2F-A5EC-F1500B4DF9EC}.Debug|Any CPU.ActiveCfg = Debug|Any CPU
		{E267EDD4-BEA9-4F2F-A5EC-F1500B4DF9EC}.Debug|Any CPU.Build.0 = Debug|Any CPU
		{E267EDD4-BEA9-4F2F-A5EC-F1500B4DF9EC}.Debug|Any CPU.Deploy.0 = Debug|Any CPU
		{E267EDD4-BEA9-4F2F-A5EC-F1500B4DF9EC}.Debug|iPhone.ActiveCfg = Debug|Any CPU
		{E267EDD4-BEA9-4F2F-A5EC-F1500B4DF9EC}.Debug|iPhone.Build.0 = Debug|Any CPU
		{E267EDD4-BEA9-4F2F-A5EC-F1500B4DF9EC}.Debug|iPhone.Deploy.0 = Debug|Any CPU
		{E267EDD4-BEA9-4F2F-A5EC-F1500B4DF9EC}.Debug|iPhoneSimulator.ActiveCfg = Debug|Any CPU
		{E267EDD4-BEA9-4F2F-A5EC-F1500B4DF9EC}.Debug|iPhoneSimulator.Build.0 = Debug|Any CPU
		{E267EDD4-BEA9-4F2F-A5EC-F1500B4DF9EC}.Debug|iPhoneSimulator.Deploy.0 = Debug|Any CPU
		{E267EDD4-BEA9-4F2F-A5EC-F1500B4DF9EC}.Release|Any CPU.ActiveCfg = Release|Any CPU
		{E267EDD4-BEA9-4F2F-A5EC-F1500B4DF9EC}.Release|Any CPU.Build.0 = Release|Any CPU
		{E267EDD4-BEA9-4F2F-A5EC-F1500B4DF9EC}.Release|Any CPU.Deploy.0 = Release|Any CPU
		{E267EDD4-BEA9-4F2F-A5EC-F1500B4DF9EC}.Release|iPhone.ActiveCfg = Release|Any CPU
		{E267EDD4-BEA9-4F2F-A5EC-F1500B4DF9EC}.Release|iPhone.Build.0 = Release|Any CPU
		{E267EDD4-BEA9-4F2F-A5EC-F1500B4DF9EC}.Release|iPhone.Deploy.0 = Release|Any CPU
		{E267EDD4-BEA9-4F2F-A5EC-F1500B4DF9EC}.Release|iPhoneSimulator.ActiveCfg = Release|Any CPU
		{E267EDD4-BEA9-4F2F-A5EC-F1500B4DF9EC}.Release|iPhoneSimulator.Build.0 = Release|Any CPU
		{E267EDD4-BEA9-4F2F-A5EC-F1500B4DF9EC}.Release|iPhoneSimulator.Deploy.0 = Release|Any CPU
	EndGlobalSection
	GlobalSection(SolutionProperties) = preSolution
		HideSolutionNode = FALSE
	EndGlobalSection
	GlobalSection(ExtensibilityGlobals) = postSolution
		SolutionGuid = {BF3FE97D-86EB-498B-8B58-6DA5BB941EBF}
	EndGlobalSection
EndGlobal
